// !$*UTF8*$!
{
	archiveVersion = 1;
	classes = {
	};
	objectVersion = 56;
	objects = {

/* Begin PBXBuildFile section */
		8F255F902C4D07AE0040A42F /* NetworkManager.swift in Sources */ = {isa = PBXBuildFile; fileRef = 8F255F8F2C4D07AE0040A42F /* NetworkManager.swift */; };
		8F255F982C4D98140040A42F /* WeatherCell.swift in Sources */ = {isa = PBXBuildFile; fileRef = 8F255F972C4D98140040A42F /* WeatherCell.swift */; };
		8FA8CCCF2C3E784900C7286E /* AppDelegate.swift in Sources */ = {isa = PBXBuildFile; fileRef = 8FA8CCCE2C3E784900C7286E /* AppDelegate.swift */; };
		8FA8CCD12C3E784900C7286E /* SceneDelegate.swift in Sources */ = {isa = PBXBuildFile; fileRef = 8FA8CCD02C3E784900C7286E /* SceneDelegate.swift */; };
		8FA8CCD32C3E784900C7286E /* MainViewController.swift in Sources */ = {isa = PBXBuildFile; fileRef = 8FA8CCD22C3E784900C7286E /* MainViewController.swift */; };
		8FA8CCD62C3E784900C7286E /* Base in Resources */ = {isa = PBXBuildFile; fileRef = 8FA8CCD52C3E784900C7286E /* Base */; };
		8FA8CCD82C3E784A00C7286E /* Assets.xcassets in Resources */ = {isa = PBXBuildFile; fileRef = 8FA8CCD72C3E784A00C7286E /* Assets.xcassets */; };
		8FA8CCDB2C3E784A00C7286E /* Base in Resources */ = {isa = PBXBuildFile; fileRef = 8FA8CCDA2C3E784A00C7286E /* Base */; };
		8FA8CCE42C3E789F00C7286E /* Weather.swift in Sources */ = {isa = PBXBuildFile; fileRef = 8FA8CCE32C3E789F00C7286E /* Weather.swift */; };
/* End PBXBuildFile section */

/* Begin PBXFileReference section */
		8F255F8F2C4D07AE0040A42F /* NetworkManager.swift */ = {isa = PBXFileReference; lastKnownFileType = sourcecode.swift; path = NetworkManager.swift; sourceTree = "<group>"; };
		8F255F972C4D98140040A42F /* WeatherCell.swift */ = {isa = PBXFileReference; lastKnownFileType = sourcecode.swift; path = WeatherCell.swift; sourceTree = "<group>"; };
		8FA8CCCB2C3E784900C7286E /* Weather.app */ = {isa = PBXFileReference; explicitFileType = wrapper.application; includeInIndex = 0; path = Weather.app; sourceTree = BUILT_PRODUCTS_DIR; };
		8FA8CCCE2C3E784900C7286E /* AppDelegate.swift */ = {isa = PBXFileReference; lastKnownFileType = sourcecode.swift; path = AppDelegate.swift; sourceTree = "<group>"; };
		8FA8CCD02C3E784900C7286E /* SceneDelegate.swift */ = {isa = PBXFileReference; lastKnownFileType = sourcecode.swift; path = SceneDelegate.swift; sourceTree = "<group>"; };
		8FA8CCD22C3E784900C7286E /* MainViewController.swift */ = {isa = PBXFileReference; lastKnownFileType = sourcecode.swift; path = MainViewController.swift; sourceTree = "<group>"; };
		8FA8CCD52C3E784900C7286E /* Base */ = {isa = PBXFileReference; lastKnownFileType = file.storyboard; name = Base; path = Base.lproj/Main.storyboard; sourceTree = "<group>"; };
		8FA8CCD72C3E784A00C7286E /* Assets.xcassets */ = {isa = PBXFileReference; lastKnownFileType = folder.assetcatalog; path = Assets.xcassets; sourceTree = "<group>"; };
		8FA8CCDA2C3E784A00C7286E /* Base */ = {isa = PBXFileReference; lastKnownFileType = file.storyboard; name = Base; path = Base.lproj/LaunchScreen.storyboard; sourceTree = "<group>"; };
		8FA8CCDC2C3E784A00C7286E /* Info.plist */ = {isa = PBXFileReference; lastKnownFileType = text.plist.xml; path = Info.plist; sourceTree = "<group>"; };
		8FA8CCE32C3E789F00C7286E /* Weather.swift */ = {isa = PBXFileReference; lastKnownFileType = sourcecode.swift; path = Weather.swift; sourceTree = "<group>"; };
/* End PBXFileReference section */

/* Begin PBXFrameworksBuildPhase section */
		8FA8CCC82C3E784900C7286E /* Frameworks */ = {
			isa = PBXFrameworksBuildPhase;
			buildActionMask = 2147483647;
			files = (
			);
			runOnlyForDeploymentPostprocessing = 0;
		};
/* End PBXFrameworksBuildPhase section */

/* Begin PBXGroup section */
		8F255F8E2C4D07970040A42F /* Services */ = {
			isa = PBXGroup;
			children = (
				8F255F8F2C4D07AE0040A42F /* NetworkManager.swift */,
			);
			path = Services;
			sourceTree = "<group>";
		};
		8F255F942C4D973A0040A42F /* Views */ = {
			isa = PBXGroup;
			children = (
				8F255F972C4D98140040A42F /* WeatherCell.swift */,
			);
			path = Views;
			sourceTree = "<group>";
		};
		8FA8CCC22C3E784800C7286E = {
			isa = PBXGroup;
			children = (
				8FA8CCCD2C3E784900C7286E /* Weather */,
				8FA8CCCC2C3E784900C7286E /* Products */,
			);
			sourceTree = "<group>";
		};
		8FA8CCCC2C3E784900C7286E /* Products */ = {
			isa = PBXGroup;
			children = (
				8FA8CCCB2C3E784900C7286E /* Weather.app */,
			);
			name = Products;
			sourceTree = "<group>";
		};
		8FA8CCCD2C3E784900C7286E /* Weather */ = {
			isa = PBXGroup;
			children = (
				8F255F942C4D973A0040A42F /* Views */,
				8FA8CCE22C3E788500C7286E /* Models */,
				8FA8CCE62C3EA52F00C7286E /* ViewControllers */,
				8F255F8E2C4D07970040A42F /* Services */,
				8FA8CCE52C3EA51900C7286E /* App */,
				8FA8CCE72C3EA53A00C7286E /* Storyboards */,
				8FA8CCD72C3E784A00C7286E /* Assets.xcassets */,
			);
			path = Weather;
			sourceTree = "<group>";
		};
		8FA8CCE22C3E788500C7286E /* Models */ = {
			isa = PBXGroup;
			children = (
				8FA8CCE32C3E789F00C7286E /* Weather.swift */,
			);
			path = Models;
			sourceTree = "<group>";
		};
		8FA8CCE52C3EA51900C7286E /* App */ = {
			isa = PBXGroup;
			children = (
				8FA8CCCE2C3E784900C7286E /* AppDelegate.swift */,
				8FA8CCD02C3E784900C7286E /* SceneDelegate.swift */,
				8FA8CCDC2C3E784A00C7286E /* Info.plist */,
			);
			path = App;
			sourceTree = "<group>";
		};
		8FA8CCE62C3EA52F00C7286E /* ViewControllers */ = {
			isa = PBXGroup;
			children = (
				8FA8CCD22C3E784900C7286E /* MainViewController.swift */,
			);
			path = ViewControllers;
			sourceTree = "<group>";
		};
		8FA8CCE72C3EA53A00C7286E /* Storyboards */ = {
			isa = PBXGroup;
			children = (
				8FA8CCD42C3E784900C7286E /* Main.storyboard */,
				8FA8CCD92C3E784A00C7286E /* LaunchScreen.storyboard */,
			);
			path = Storyboards;
			sourceTree = "<group>";
		};
/* End PBXGroup section */

/* Begin PBXNativeTarget section */
		8FA8CCCA2C3E784900C7286E /* Weather */ = {
			isa = PBXNativeTarget;
			buildConfigurationList = 8FA8CCDF2C3E784A00C7286E /* Build configuration list for PBXNativeTarget "Weather" */;
			buildPhases = (
				8FA8CCC72C3E784900C7286E /* Sources */,
				8FA8CCC82C3E784900C7286E /* Frameworks */,
				8FA8CCC92C3E784900C7286E /* Resources */,
			);
			buildRules = (
			);
			dependencies = (
			);
			name = Weather;
			productName = Weather;
			productReference = 8FA8CCCB2C3E784900C7286E /* Weather.app */;
			productType = "com.apple.product-type.application";
		};
/* End PBXNativeTarget section */

/* Begin PBXProject section */
		8FA8CCC32C3E784800C7286E /* Project object */ = {
			isa = PBXProject;
			attributes = {
				BuildIndependentTargetsInParallel = 1;
				LastSwiftUpdateCheck = 1540;
				LastUpgradeCheck = 1540;
				TargetAttributes = {
					8FA8CCCA2C3E784900C7286E = {
						CreatedOnToolsVersion = 15.4;
					};
				};
			};
			buildConfigurationList = 8FA8CCC62C3E784800C7286E /* Build configuration list for PBXProject "Weather" */;
			compatibilityVersion = "Xcode 14.0";
			developmentRegion = en;
			hasScannedForEncodings = 0;
			knownRegions = (
				en,
				Base,
			);
			mainGroup = 8FA8CCC22C3E784800C7286E;
			productRefGroup = 8FA8CCCC2C3E784900C7286E /* Products */;
			projectDirPath = "";
			projectRoot = "";
			targets = (
				8FA8CCCA2C3E784900C7286E /* Weather */,
			);
		};
/* End PBXProject section */

/* Begin PBXResourcesBuildPhase section */
		8FA8CCC92C3E784900C7286E /* Resources */ = {
			isa = PBXResourcesBuildPhase;
			buildActionMask = 2147483647;
			files = (
				8FA8CCD82C3E784A00C7286E /* Assets.xcassets in Resources */,
				8FA8CCDB2C3E784A00C7286E /* Base in Resources */,
				8FA8CCD62C3E784900C7286E /* Base in Resources */,
			);
			runOnlyForDeploymentPostprocessing = 0;
		};
/* End PBXResourcesBuildPhase section */

/* Begin PBXSourcesBuildPhase section */
		8FA8CCC72C3E784900C7286E /* Sources */ = {
			isa = PBXSourcesBuildPhase;
			buildActionMask = 2147483647;
			files = (
				8FA8CCE42C3E789F00C7286E /* Weather.swift in Sources */,
				8FA8CCD32C3E784900C7286E /* MainViewController.swift in Sources */,
				8F255F902C4D07AE0040A42F /* NetworkManager.swift in Sources */,
				8FA8CCCF2C3E784900C7286E /* AppDelegate.swift in Sources */,
				8F255F982C4D98140040A42F /* WeatherCell.swift in Sources */,
				8FA8CCD12C3E784900C7286E /* SceneDelegate.swift in Sources */,
			);
			runOnlyForDeploymentPostprocessing = 0;
		};
/* End PBXSourcesBuildPhase section */

/* Begin PBXVariantGroup section */
		8FA8CCD42C3E784900C7286E /* Main.storyboard */ = {
			isa = PBXVariantGroup;
			children = (
				8FA8CCD52C3E784900C7286E /* Base */,
			);
			name = Main.storyboard;
			sourceTree = "<group>";
		};
		8FA8CCD92C3E784A00C7286E /* LaunchScreen.storyboard */ = {
			isa = PBXVariantGroup;
			children = (
				8FA8CCDA2C3E784A00C7286E /* Base */,
			);
			name = LaunchScreen.storyboard;
			sourceTree = "<group>";
		};
/* End PBXVariantGroup section */

/* Begin XCBuildConfiguration section */
		8FA8CCDD2C3E784A00C7286E /* Debug */ = {
			isa = XCBuildConfiguration;
			buildSettings = {
				ALWAYS_SEARCH_USER_PATHS = NO;
				ASSETCATALOG_COMPILER_GENERATE_SWIFT_ASSET_SYMBOL_EXTENSIONS = YES;
				CLANG_ANALYZER_NONNULL = YES;
				CLANG_ANALYZER_NUMBER_OBJECT_CONVERSION = YES_AGGRESSIVE;
				CLANG_CXX_LANGUAGE_STANDARD = "gnu++20";
				CLANG_ENABLE_MODULES = YES;
				CLANG_ENABLE_OBJC_ARC = YES;
				CLANG_ENABLE_OBJC_WEAK = YES;
				CLANG_WARN_BLOCK_CAPTURE_AUTORELEASING = YES;
				CLANG_WARN_BOOL_CONVERSION = YES;
				CLANG_WARN_COMMA = YES;
				CLANG_WARN_CONSTANT_CONVERSION = YES;
				CLANG_WARN_DEPRECATED_OBJC_IMPLEMENTATIONS = YES;
				CLANG_WARN_DIRECT_OBJC_ISA_USAGE = YES_ERROR;
				CLANG_WARN_DOCUMENTATION_COMMENTS = YES;
				CLANG_WARN_EMPTY_BODY = YES;
				CLANG_WARN_ENUM_CONVERSION = YES;
				CLANG_WARN_INFINITE_RECURSION = YES;
				CLANG_WARN_INT_CONVERSION = YES;
				CLANG_WARN_NON_LITERAL_NULL_CONVERSION = YES;
				CLANG_WARN_OBJC_IMPLICIT_RETAIN_SELF = YES;
				CLANG_WARN_OBJC_LITERAL_CONVERSION = YES;
				CLANG_WARN_OBJC_ROOT_CLASS = YES_ERROR;
				CLANG_WARN_QUOTED_INCLUDE_IN_FRAMEWORK_HEADER = YES;
				CLANG_WARN_RANGE_LOOP_ANALYSIS = YES;
				CLANG_WARN_STRICT_PROTOTYPES = YES;
				CLANG_WARN_SUSPICIOUS_MOVE = YES;
				CLANG_WARN_UNGUARDED_AVAILABILITY = YES_AGGRESSIVE;
				CLANG_WARN_UNREACHABLE_CODE = YES;
				CLANG_WARN__DUPLICATE_METHOD_MATCH = YES;
				COPY_PHASE_STRIP = NO;
				DEBUG_INFORMATION_FORMAT = dwarf;
				ENABLE_STRICT_OBJC_MSGSEND = YES;
				ENABLE_TESTABILITY = YES;
				ENABLE_USER_SCRIPT_SANDBOXING = YES;
				GCC_C_LANGUAGE_STANDARD = gnu17;
				GCC_DYNAMIC_NO_PIC = NO;
				GCC_NO_COMMON_BLOCKS = YES;
				GCC_OPTIMIZATION_LEVEL = 0;
				GCC_PREPROCESSOR_DEFINITIONS = (
					"DEBUG=1",
					"$(inherited)",
				);
				GCC_WARN_64_TO_32_BIT_CONVERSION = YES;
				GCC_WARN_ABOUT_RETURN_TYPE = YES_ERROR;
				GCC_WARN_UNDECLARED_SELECTOR = YES;
				GCC_WARN_UNINITIALIZED_AUTOS = YES_AGGRESSIVE;
				GCC_WARN_UNUSED_FUNCTION = YES;
				GCC_WARN_UNUSED_VARIABLE = YES;
				IPHONEOS_DEPLOYMENT_TARGET = 17.5;
				LOCALIZATION_PREFERS_STRING_CATALOGS = YES;
				MTL_ENABLE_DEBUG_INFO = INCLUDE_SOURCE;
				MTL_FAST_MATH = YES;
				ONLY_ACTIVE_ARCH = YES;
				SDKROOT = iphoneos;
				SWIFT_ACTIVE_COMPILATION_CONDITIONS = "DEBUG $(inherited)";
				SWIFT_OPTIMIZATION_LEVEL = "-Onone";
			};
			name = Debug;
		};
		8FA8CCDE2C3E784A00C7286E /* Release */ = {
			isa = XCBuildConfiguration;
			buildSettings = {
				ALWAYS_SEARCH_USER_PATHS = NO;
				ASSETCATALOG_COMPILER_GENERATE_SWIFT_ASSET_SYMBOL_EXTENSIONS = YES;
				CLANG_ANALYZER_NONNULL = YES;
				CLANG_ANALYZER_NUMBER_OBJECT_CONVERSION = YES_AGGRESSIVE;
				CLANG_CXX_LANGUAGE_STANDARD = "gnu++20";
				CLANG_ENABLE_MODULES = YES;
				CLANG_ENABLE_OBJC_ARC = YES;
				CLANG_ENABLE_OBJC_WEAK = YES;
				CLANG_WARN_BLOCK_CAPTURE_AUTORELEASING = YES;
				CLANG_WARN_BOOL_CONVERSION = YES;
				CLANG_WARN_COMMA = YES;
				CLANG_WARN_CONSTANT_CONVERSION = YES;
				CLANG_WARN_DEPRECATED_OBJC_IMPLEMENTATIONS = YES;
				CLANG_WARN_DIRECT_OBJC_ISA_USAGE = YES_ERROR;
				CLANG_WARN_DOCUMENTATION_COMMENTS = YES;
				CLANG_WARN_EMPTY_BODY = YES;
				CLANG_WARN_ENUM_CONVERSION = YES;
				CLANG_WARN_INFINITE_RECURSION = YES;
				CLANG_WARN_INT_CONVERSION = YES;
				CLANG_WARN_NON_LITERAL_NULL_CONVERSION = YES;
				CLANG_WARN_OBJC_IMPLICIT_RETAIN_SELF = YES;
				CLANG_WARN_OBJC_LITERAL_CONVERSION = YES;
				CLANG_WARN_OBJC_ROOT_CLASS = YES_ERROR;
				CLANG_WARN_QUOTED_INCLUDE_IN_FRAMEWORK_HEADER = YES;
				CLANG_WARN_RANGE_LOOP_ANALYSIS = YES;
				CLANG_WARN_STRICT_PROTOTYPES = YES;
				CLANG_WARN_SUSPICIOUS_MOVE = YES;
				CLANG_WARN_UNGUARDED_AVAILABILITY = YES_AGGRESSIVE;
				CLANG_WARN_UNREACHABLE_CODE = YES;
				CLANG_WARN__DUPLICATE_METHOD_MATCH = YES;
				COPY_PHASE_STRIP = NO;
				DEBUG_INFORMATION_FORMAT = "dwarf-with-dsym";
				ENABLE_NS_ASSERTIONS = NO;
				ENABLE_STRICT_OBJC_MSGSEND = YES;
				ENABLE_USER_SCRIPT_SANDBOXING = YES;
				GCC_C_LANGUAGE_STANDARD = gnu17;
				GCC_NO_COMMON_BLOCKS = YES;
				GCC_WARN_64_TO_32_BIT_CONVERSION = YES;
				GCC_WARN_ABOUT_RETURN_TYPE = YES_ERROR;
				GCC_WARN_UNDECLARED_SELECTOR = YES;
				GCC_WARN_UNINITIALIZED_AUTOS = YES_AGGRESSIVE;
				GCC_WARN_UNUSED_FUNCTION = YES;
				GCC_WARN_UNUSED_VARIABLE = YES;
				IPHONEOS_DEPLOYMENT_TARGET = 17.5;
				LOCALIZATION_PREFERS_STRING_CATALOGS = YES;
				MTL_ENABLE_DEBUG_INFO = NO;
				MTL_FAST_MATH = YES;
				SDKROOT = iphoneos;
				SWIFT_COMPILATION_MODE = wholemodule;
				VALIDATE_PRODUCT = YES;
			};
			name = Release;
		};
		8FA8CCE02C3E784A00C7286E /* Debug */ = {
			isa = XCBuildConfiguration;
			buildSettings = {
				ASSETCATALOG_COMPILER_APPICON_NAME = AppIcon;
				ASSETCATALOG_COMPILER_GLOBAL_ACCENT_COLOR_NAME = AccentColor;
				CODE_SIGN_STYLE = Automatic;
				CURRENT_PROJECT_VERSION = 1;
				DEVELOPMENT_TEAM = 4D2YVVCBXR;
				GENERATE_INFOPLIST_FILE = YES;
				INFOPLIST_FILE = Weather/App/Info.plist;
				INFOPLIST_KEY_UIApplicationSupportsIndirectInputEvents = YES;
				INFOPLIST_KEY_UILaunchStoryboardName = LaunchScreen;
				INFOPLIST_KEY_UIMainStoryboardFile = Main;
				INFOPLIST_KEY_UISupportedInterfaceOrientations = UIInterfaceOrientationPortrait;
				INFOPLIST_KEY_UISupportedInterfaceOrientations_iPad = "UIInterfaceOrientationLandscapeLeft UIInterfaceOrientationLandscapeRight UIInterfaceOrientationPortrait UIInterfaceOrientationPortraitUpsideDown";
				IPHONEOS_DEPLOYMENT_TARGET = 17.3;
				LD_RUNPATH_SEARCH_PATHS = (
					"$(inherited)",
					"@executable_path/Frameworks",
				);
				MARKETING_VERSION = 1.0;
				PRODUCT_BUNDLE_IDENTIFIER = Evgeniy.Weather;
				PRODUCT_NAME = "$(TARGET_NAME)";
				SUPPORTED_PLATFORMS = "iphoneos iphonesimulator";
				SUPPORTS_MACCATALYST = NO;
				SUPPORTS_MAC_DESIGNED_FOR_IPHONE_IPAD = NO;
				SUPPORTS_XR_DESIGNED_FOR_IPHONE_IPAD = NO;
				SWIFT_EMIT_LOC_STRINGS = YES;
				SWIFT_VERSION = 5.0;
				TARGETED_DEVICE_FAMILY = 1;
			};
			name = Debug;
		};
		8FA8CCE12C3E784A00C7286E /* Release */ = {
			isa = XCBuildConfiguration;
			buildSettings = {
				ASSETCATALOG_COMPILER_APPICON_NAME = AppIcon;
				ASSETCATALOG_COMPILER_GLOBAL_ACCENT_COLOR_NAME = AccentColor;
				CODE_SIGN_STYLE = Automatic;
				CURRENT_PROJECT_VERSION = 1;
				DEVELOPMENT_TEAM = 4D2YVVCBXR;
				GENERATE_INFOPLIST_FILE = YES;
				INFOPLIST_FILE = Weather/App/Info.plist;
				INFOPLIST_KEY_UIApplicationSupportsIndirectInputEvents = YES;
				INFOPLIST_KEY_UILaunchStoryboardName = LaunchScreen;
				INFOPLIST_KEY_UIMainStoryboardFile = Main;
				INFOPLIST_KEY_UISupportedInterfaceOrientations = UIInterfaceOrientationPortrait;
				INFOPLIST_KEY_UISupportedInterfaceOrientations_iPad = "UIInterfaceOrientationLandscapeLeft UIInterfaceOrientationLandscapeRight UIInterfaceOrientationPortrait UIInterfaceOrientationPortraitUpsideDown";
				IPHONEOS_DEPLOYMENT_TARGET = 17.3;
				LD_RUNPATH_SEARCH_PATHS = (
					"$(inherited)",
					"@executable_path/Frameworks",
				);
				MARKETING_VERSION = 1.0;
				PRODUCT_BUNDLE_IDENTIFIER = Evgeniy.Weather;
				PRODUCT_NAME = "$(TARGET_NAME)";
				SUPPORTED_PLATFORMS = "iphoneos iphonesimulator";
				SUPPORTS_MACCATALYST = NO;
				SUPPORTS_MAC_DESIGNED_FOR_IPHONE_IPAD = NO;
				SUPPORTS_XR_DESIGNED_FOR_IPHONE_IPAD = NO;
				SWIFT_EMIT_LOC_STRINGS = YES;
				SWIFT_VERSION = 5.0;
				TARGETED_DEVICE_FAMILY = 1;
			};
			name = Release;
		};
/* End XCBuildConfiguration section */

/* Begin XCConfigurationList section */
		8FA8CCC62C3E784800C7286E /* Build configuration list for PBXProject "Weather" */ = {
			isa = XCConfigurationList;
			buildConfigurations = (
				8FA8CCDD2C3E784A00C7286E /* Debug */,
				8FA8CCDE2C3E784A00C7286E /* Release */,
			);
			defaultConfigurationIsVisible = 0;
			defaultConfigurationName = Release;
		};
		8FA8CCDF2C3E784A00C7286E /* Build configuration list for PBXNativeTarget "Weather" */ = {
			isa = XCConfigurationList;
			buildConfigurations = (
				8FA8CCE02C3E784A00C7286E /* Debug */,
				8FA8CCE12C3E784A00C7286E /* Release */,
			);
			defaultConfigurationIsVisible = 0;
			defaultConfigurationName = Release;
		};
/* End XCConfigurationList section */
	};
	rootObject = 8FA8CCC32C3E784800C7286E /* Project object */;
}
